
Microsoft Visual Studio Solution File, Format Version 12.00
# Visual Studio Version 16
VisualStudioVersion = 16.0.31424.327
MinimumVisualStudioVersion = 10.0.40219.1
Project("{9A19103F-16F7-4668-BE54-9A1E7A4F7556}") = "SafariParkApp", "SafariParkApp\SafariParkApp.csproj", "{D647E9B5-BBE2-4FCF-A7F3-11A10DEAB5B0}"
EndProject
Project("{FAE04EC0-301F-11D3-BF4B-00C04F79EFBC}") = "Tests", "Tests\Tests.csproj", "{ABE43469-DC9D-4607-AADE-6643177E7A38}"
EndProject
Global
	GlobalSection(SolutionConfigurationPlatforms) = preSolution
		Debug|Any CPU = Debug|Any CPU
		Release|Any CPU = Release|Any CPU
	EndGlobalSection
	GlobalSection(ProjectConfigurationPlatforms) = postSolution
		{D647E9B5-BBE2-4FCF-A7F3-11A10DEAB5B0}.Debug|Any CPU.ActiveCfg = Debug|Any CPU
		{D647E9B5-BBE2-4FCF-A7F3-11A10DEAB5B0}.Debug|Any CPU.Build.0 = Debug|Any CPU
		{D647E9B5-BBE2-4FCF-A7F3-11A10DEAB5B0}.Release|Any CPU.ActiveCfg = Release|Any CPU
		{D647E9B5-BBE2-4FCF-A7F3-11A10DEAB5B0}.Release|Any CPU.Build.0 = Release|Any CPU
		{ABE43469-DC9D-4607-AADE-6643177E7A38}.Debug|Any CPU.ActiveCfg = Debug|Any CPU
		{ABE43469-DC9D-4607-AADE-6643177E7A38}.Debug|Any CPU.Build.0 = Debug|Any CPU
		{ABE43469-DC9D-4607-AADE-6643177E7A38}.Release|Any CPU.ActiveCfg = Release|Any CPU
		{ABE43469-DC9D-4607-AADE-6643177E7A38}.Release|Any CPU.Build.0 = Release|Any CPU
	EndGlobalSection
	GlobalSection(SolutionProperties) = preSolution
		HideSolutionNode = FALSE
	EndGlobalSection
	GlobalSection(ExtensibilityGlobals) = postSolution
		SolutionGuid = {411145E5-3EDB-484D-88E7-8A66188FBF19}
	EndGlobalSection
EndGlobal
